
Microsoft Visual Studio Solution File, Format Version 12.00
# Visual Studio Version 16
VisualStudioVersion = 16.0.30804.86
MinimumVisualStudioVersion = 10.0.40219.1
Project("{2150E333-8FDC-42A3-9474-1A3956D46DE8}") = "Source", "Source", "{0317DF35-F5C5-4986-BA37-40C28554268F}"
EndProject
Project("{2150E333-8FDC-42A3-9474-1A3956D46DE8}") = "CMS", "CMS", "{D564603F-8CDE-4D4C-9683-67FA9DCE7F12}"
EndProject
Project("{9A19103F-16F7-4668-BE54-9A1E7A4F7556}") = "Moj.CMS.Domain", "Moj.CMS.Domain\Moj.CMS.Domain.csproj", "{A7B45D03-7C88-4D69-B932-40A9D5B755C2}"
EndProject
Project("{9A19103F-16F7-4668-BE54-9A1E7A4F7556}") = "Moj.CMS.Application", "Moj.CMS.Application\Moj.CMS.Application.csproj", "{9C175F31-4041-47AF-9577-D7AC488C2DFA}"
EndProject
Project("{9A19103F-16F7-4668-BE54-9A1E7A4F7556}") = "Moj.CMS.Infrastructure", "Moj.CMS.Infrastructure\Moj.CMS.Infrastructure.csproj", "{4B1846FD-5793-47BD-B89D-ABFB53141272}"
EndProject
Project("{2150E333-8FDC-42A3-9474-1A3956D46DE8}") = "Web", "Web", "{FFBDEDF1-17E2-4F72-AE03-C99B44D8BFCA}"
EndProject
Project("{9A19103F-16F7-4668-BE54-9A1E7A4F7556}") = "Moj.CMS.Shared", "Moj.CMS.Shared\Moj.CMS.Shared.csproj", "{D22763DC-33FD-453E-AF00-A2028689F978}"
EndProject
Project("{2150E333-8FDC-42A3-9474-1A3956D46DE8}") = "Shared", "Shared", "{34B1D3CA-BBB6-449E-82A7-DF2BDBC9838F}"
EndProject
Project("{9A19103F-16F7-4668-BE54-9A1E7A4F7556}") = "Moj.CMS.Web", "Moj.CMS.Web\Moj.CMS.Web.csproj", "{4E1DFC30-7F22-45E3-B168-5793375E67AB}"
EndProject
Project("{9A19103F-16F7-4668-BE54-9A1E7A4F7556}") = "Moj.CMS.Domain.Shared", "Moj.CMS.Domain.Shared\Moj.CMS.Domain.Shared.csproj", "{DA99DD33-D0C9-4C2E-B223-9F5D866E5E66}"
EndProject
Project("{2150E333-8FDC-42A3-9474-1A3956D46DE8}") = "Modules", "Modules", "{1AA6D623-A0B0-4826-98FA-6410794C9B03}"
EndProject
Project("{2150E333-8FDC-42A3-9474-1A3956D46DE8}") = "UserAccess", "UserAccess", "{0BF9D722-6B3B-430F-B470-B3097E233292}"
EndProject
Project("{9A19103F-16F7-4668-BE54-9A1E7A4F7556}") = "Moj.CMS.UserAccess.Application", "Moj.CMS.UserAccess.Application\Moj.CMS.UserAccess.Application.csproj", "{C7AF201D-1619-47D4-80B3-191431CB2DE7}"
EndProject
Project("{9A19103F-16F7-4668-BE54-9A1E7A4F7556}") = "Moj.CMS.UserAccess.Infrastructure", "Moj.CMS.UserAccess.Infrastructure\Moj.CMS.UserAccess.Infrastructure.csproj", "{BBB4B70D-12CD-42BE-9A5A-DAD6B64AD83E}"
EndProject
Project("{2150E333-8FDC-42A3-9474-1A3956D46DE8}") = "Api", "Api", "{B117E530-F25E-42B2-B6E9-A9D93264D9B2}"
EndProject
Project("{9A19103F-16F7-4668-BE54-9A1E7A4F7556}") = "Moj.CMS.Api", "Moj.CMS.Api\Moj.CMS.Api.csproj", "{3C835B50-B48A-4024-AD7C-B4AADD1D5EE6}"
EndProject
Project("{9A19103F-16F7-4668-BE54-9A1E7A4F7556}") = "Moj.CMS.Settings.Shared", "Moj.CMS.Settings.Shared\Moj.CMS.Settings.Shared.csproj", "{FEDC73CE-9046-4D13-B2BC-F957AC77C622}"
EndProject
Project("{9A19103F-16F7-4668-BE54-9A1E7A4F7556}") = "SSS.Components", "SSS.Components\SSS.Components.csproj", "{A04F3412-4263-43A0-97E3-EDD8C2ABC19C}"
EndProject
Project("{9A19103F-16F7-4668-BE54-9A1E7A4F7556}") = "SSS.BackgroundJobs.Abstraction", "SSS.BackgroundJobs.Abstraction\SSS.BackgroundJobs.Abstraction.csproj", "{67D143D4-4717-42E5-9D0D-896FADB6CA88}"
EndProject
Project("{9A19103F-16F7-4668-BE54-9A1E7A4F7556}") = "SSS.BackgroundJobs.Hangfire", "SSS.BackgroundJobs.Hangfire\SSS.BackgroundJobs.Hangfire.csproj", "{9C9CB704-3F80-4C17-9EF6-1DD17B9DA31C}"
EndProject
Project("{2150E333-8FDC-42A3-9474-1A3956D46DE8}") = "Tests", "Tests", "{0D426247-855B-49F6-A8A4-00E075831030}"
EndProject
Project("{2150E333-8FDC-42A3-9474-1A3956D46DE8}") = "UnitTests", "UnitTests", "{EF8659B8-90DA-46EC-8D8E-56A39C46903B}"
EndProject
Project("{2150E333-8FDC-42A3-9474-1A3956D46DE8}") = "IntegrationTests", "IntegrationTests", "{352D4517-92D1-411E-844A-38F3B80F0B7B}"
EndProject
Project("{2150E333-8FDC-42A3-9474-1A3956D46DE8}") = "CMS", "CMS", "{00F4476A-2015-48D2-B017-0301EE107B33}"
EndProject
Project("{9A19103F-16F7-4668-BE54-9A1E7A4F7556}") = "Moj.CMS.Domain.Tests", "Moj.CMS.Domain.Tests\Moj.CMS.Domain.Tests.csproj", "{2CAAF11D-5356-4E54-83E0-A505F07C2260}"
EndProject
Project("{9A19103F-16F7-4668-BE54-9A1E7A4F7556}") = "Moj.CMS.IntegartionTests", "Moj.CMS.IntegartionTests\Moj.CMS.IntegartionTests.csproj", "{B2775FAF-7387-41B5-BD3C-75806973FC99}"
EndProject
Project("{2150E333-8FDC-42A3-9474-1A3956D46DE8}") = "Integration", "Integration", "{C8B3FBAE-8A77-43AE-A203-7F173FA21074}"
	ProjectSection(SolutionItems) = preProject
		Moj.CMS.Api\Startup.cs = Moj.CMS.Api\Startup.cs
	EndProjectSection
EndProject
Project("{9A19103F-16F7-4668-BE54-9A1E7A4F7556}") = "Moj.CMS.Integration.Contracts", "Moj.CMS.Integration.Contracts\Moj.CMS.Integration.Contracts.csproj", "{A244B883-41AE-49CE-A8B8-C2758E14C31E}"
EndProject
Project("{9A19103F-16F7-4668-BE54-9A1E7A4F7556}") = "Moj.CMS.Integration.ClientGenerator", "Moj.CMS.Integration.ClientGenerator\Moj.CMS.Integration.ClientGenerator.csproj", "{9A27B62F-D244-4F0B-8BF7-80ECE4DD9236}"
EndProject
Project("{9A19103F-16F7-4668-BE54-9A1E7A4F7556}") = "Moj.CMS.Shared.Testing", "Moj.CMS.Shared.Testing\Moj.CMS.Shared.Testing.csproj", "{236C54DF-FE2F-49FC-BF8D-1FE58893DCEB}"
EndProject
Global
	GlobalSection(SolutionConfigurationPlatforms) = preSolution
		Debug|Any CPU = Debug|Any CPU
		Release|Any CPU = Release|Any CPU
	EndGlobalSection
	GlobalSection(ProjectConfigurationPlatforms) = postSolution
		{A7B45D03-7C88-4D69-B932-40A9D5B755C2}.Debug|Any CPU.ActiveCfg = Debug|Any CPU
		{A7B45D03-7C88-4D69-B932-40A9D5B755C2}.Debug|Any CPU.Build.0 = Debug|Any CPU
		{A7B45D03-7C88-4D69-B932-40A9D5B755C2}.Release|Any CPU.ActiveCfg = Release|Any CPU
		{A7B45D03-7C88-4D69-B932-40A9D5B755C2}.Release|Any CPU.Build.0 = Release|Any CPU
		{9C175F31-4041-47AF-9577-D7AC488C2DFA}.Debug|Any CPU.ActiveCfg = Debug|Any CPU
		{9C175F31-4041-47AF-9577-D7AC488C2DFA}.Debug|Any CPU.Build.0 = Debug|Any CPU
		{9C175F31-4041-47AF-9577-D7AC488C2DFA}.Release|Any CPU.ActiveCfg = Release|Any CPU
		{9C175F31-4041-47AF-9577-D7AC488C2DFA}.Release|Any CPU.Build.0 = Release|Any CPU
		{4B1846FD-5793-47BD-B89D-ABFB53141272}.Debug|Any CPU.ActiveCfg = Debug|Any CPU
		{4B1846FD-5793-47BD-B89D-ABFB53141272}.Debug|Any CPU.Build.0 = Debug|Any CPU
		{4B1846FD-5793-47BD-B89D-ABFB53141272}.Release|Any CPU.ActiveCfg = Release|Any CPU
		{4B1846FD-5793-47BD-B89D-ABFB53141272}.Release|Any CPU.Build.0 = Release|Any CPU
		{D22763DC-33FD-453E-AF00-A2028689F978}.Debug|Any CPU.ActiveCfg = Debug|Any CPU
		{D22763DC-33FD-453E-AF00-A2028689F978}.Debug|Any CPU.Build.0 = Debug|Any CPU
		{D22763DC-33FD-453E-AF00-A2028689F978}.Release|Any CPU.ActiveCfg = Release|Any CPU
		{D22763DC-33FD-453E-AF00-A2028689F978}.Release|Any CPU.Build.0 = Release|Any CPU
		{4E1DFC30-7F22-45E3-B168-5793375E67AB}.Debug|Any CPU.ActiveCfg = Debug|Any CPU
		{4E1DFC30-7F22-45E3-B168-5793375E67AB}.Debug|Any CPU.Build.0 = Debug|Any CPU
		{4E1DFC30-7F22-45E3-B168-5793375E67AB}.Release|Any CPU.ActiveCfg = Release|Any CPU
		{4E1DFC30-7F22-45E3-B168-5793375E67AB}.Release|Any CPU.Build.0 = Release|Any CPU
		{DA99DD33-D0C9-4C2E-B223-9F5D866E5E66}.Debug|Any CPU.ActiveCfg = Debug|Any CPU
		{DA99DD33-D0C9-4C2E-B223-9F5D866E5E66}.Debug|Any CPU.Build.0 = Debug|Any CPU
		{DA99DD33-D0C9-4C2E-B223-9F5D866E5E66}.Release|Any CPU.ActiveCfg = Release|Any CPU
		{DA99DD33-D0C9-4C2E-B223-9F5D866E5E66}.Release|Any CPU.Build.0 = Release|Any CPU
		{C7AF201D-1619-47D4-80B3-191431CB2DE7}.Debug|Any CPU.ActiveCfg = Debug|Any CPU
		{C7AF201D-1619-47D4-80B3-191431CB2DE7}.Debug|Any CPU.Build.0 = Debug|Any CPU
		{C7AF201D-1619-47D4-80B3-191431CB2DE7}.Release|Any CPU.ActiveCfg = Release|Any CPU
		{C7AF201D-1619-47D4-80B3-191431CB2DE7}.Release|Any CPU.Build.0 = Release|Any CPU
		{BBB4B70D-12CD-42BE-9A5A-DAD6B64AD83E}.Debug|Any CPU.ActiveCfg = Debug|Any CPU
		{BBB4B70D-12CD-42BE-9A5A-DAD6B64AD83E}.Debug|Any CPU.Build.0 = Debug|Any CPU
		{BBB4B70D-12CD-42BE-9A5A-DAD6B64AD83E}.Release|Any CPU.ActiveCfg = Release|Any CPU
		{BBB4B70D-12CD-42BE-9A5A-DAD6B64AD83E}.Release|Any CPU.Build.0 = Release|Any CPU
		{3C835B50-B48A-4024-AD7C-B4AADD1D5EE6}.Debug|Any CPU.ActiveCfg = Debug|Any CPU
		{3C835B50-B48A-4024-AD7C-B4AADD1D5EE6}.Debug|Any CPU.Build.0 = Debug|Any CPU
		{3C835B50-B48A-4024-AD7C-B4AADD1D5EE6}.Release|Any CPU.ActiveCfg = Release|Any CPU
		{3C835B50-B48A-4024-AD7C-B4AADD1D5EE6}.Release|Any CPU.Build.0 = Release|Any CPU
		{FEDC73CE-9046-4D13-B2BC-F957AC77C622}.Debug|Any CPU.ActiveCfg = Debug|Any CPU
		{FEDC73CE-9046-4D13-B2BC-F957AC77C622}.Debug|Any CPU.Build.0 = Debug|Any CPU
		{FEDC73CE-9046-4D13-B2BC-F957AC77C622}.Release|Any CPU.ActiveCfg = Release|Any CPU
		{FEDC73CE-9046-4D13-B2BC-F957AC77C622}.Release|Any CPU.Build.0 = Release|Any CPU
		{A04F3412-4263-43A0-97E3-EDD8C2ABC19C}.Debug|Any CPU.ActiveCfg = Debug|Any CPU
		{A04F3412-4263-43A0-97E3-EDD8C2ABC19C}.Debug|Any CPU.Build.0 = Debug|Any CPU
		{A04F3412-4263-43A0-97E3-EDD8C2ABC19C}.Release|Any CPU.ActiveCfg = Release|Any CPU
		{A04F3412-4263-43A0-97E3-EDD8C2ABC19C}.Release|Any CPU.Build.0 = Release|Any CPU
		{67D143D4-4717-42E5-9D0D-896FADB6CA88}.Debug|Any CPU.ActiveCfg = Debug|Any CPU
		{67D143D4-4717-42E5-9D0D-896FADB6CA88}.Debug|Any CPU.Build.0 = Debug|Any CPU
		{67D143D4-4717-42E5-9D0D-896FADB6CA88}.Release|Any CPU.ActiveCfg = Release|Any CPU
		{67D143D4-4717-42E5-9D0D-896FADB6CA88}.Release|Any CPU.Build.0 = Release|Any CPU
		{9C9CB704-3F80-4C17-9EF6-1DD17B9DA31C}.Debug|Any CPU.ActiveCfg = Debug|Any CPU
		{9C9CB704-3F80-4C17-9EF6-1DD17B9DA31C}.Debug|Any CPU.Build.0 = Debug|Any CPU
		{9C9CB704-3F80-4C17-9EF6-1DD17B9DA31C}.Release|Any CPU.ActiveCfg = Release|Any CPU
		{9C9CB704-3F80-4C17-9EF6-1DD17B9DA31C}.Release|Any CPU.Build.0 = Release|Any CPU
		{2CAAF11D-5356-4E54-83E0-A505F07C2260}.Debug|Any CPU.ActiveCfg = Debug|Any CPU
		{2CAAF11D-5356-4E54-83E0-A505F07C2260}.Debug|Any CPU.Build.0 = Debug|Any CPU
		{2CAAF11D-5356-4E54-83E0-A505F07C2260}.Release|Any CPU.ActiveCfg = Release|Any CPU
		{2CAAF11D-5356-4E54-83E0-A505F07C2260}.Release|Any CPU.Build.0 = Release|Any CPU
		{B2775FAF-7387-41B5-BD3C-75806973FC99}.Debug|Any CPU.ActiveCfg = Debug|Any CPU
		{B2775FAF-7387-41B5-BD3C-75806973FC99}.Debug|Any CPU.Build.0 = Debug|Any CPU
		{B2775FAF-7387-41B5-BD3C-75806973FC99}.Release|Any CPU.ActiveCfg = Release|Any CPU
		{B2775FAF-7387-41B5-BD3C-75806973FC99}.Release|Any CPU.Build.0 = Release|Any CPU
		{A244B883-41AE-49CE-A8B8-C2758E14C31E}.Debug|Any CPU.ActiveCfg = Debug|Any CPU
		{A244B883-41AE-49CE-A8B8-C2758E14C31E}.Debug|Any CPU.Build.0 = Debug|Any CPU
		{A244B883-41AE-49CE-A8B8-C2758E14C31E}.Release|Any CPU.ActiveCfg = Release|Any CPU
		{A244B883-41AE-49CE-A8B8-C2758E14C31E}.Release|Any CPU.Build.0 = Release|Any CPU
		{9A27B62F-D244-4F0B-8BF7-80ECE4DD9236}.Debug|Any CPU.ActiveCfg = Debug|Any CPU
		{9A27B62F-D244-4F0B-8BF7-80ECE4DD9236}.Debug|Any CPU.Build.0 = Debug|Any CPU
		{9A27B62F-D244-4F0B-8BF7-80ECE4DD9236}.Release|Any CPU.ActiveCfg = Release|Any CPU
		{9A27B62F-D244-4F0B-8BF7-80ECE4DD9236}.Release|Any CPU.Build.0 = Release|Any CPU
		{236C54DF-FE2F-49FC-BF8D-1FE58893DCEB}.Debug|Any CPU.ActiveCfg = Debug|Any CPU
		{236C54DF-FE2F-49FC-BF8D-1FE58893DCEB}.Debug|Any CPU.Build.0 = Debug|Any CPU
		{236C54DF-FE2F-49FC-BF8D-1FE58893DCEB}.Release|Any CPU.ActiveCfg = Release|Any CPU
		{236C54DF-FE2F-49FC-BF8D-1FE58893DCEB}.Release|Any CPU.Build.0 = Release|Any CPU
	EndGlobalSection
	GlobalSection(SolutionProperties) = preSolution
		HideSolutionNode = FALSE
	EndGlobalSection
	GlobalSection(NestedProjects) = preSolution
		{D564603F-8CDE-4D4C-9683-67FA9DCE7F12} = {1AA6D623-A0B0-4826-98FA-6410794C9B03}
		{A7B45D03-7C88-4D69-B932-40A9D5B755C2} = {D564603F-8CDE-4D4C-9683-67FA9DCE7F12}
		{9C175F31-4041-47AF-9577-D7AC488C2DFA} = {D564603F-8CDE-4D4C-9683-67FA9DCE7F12}
		{4B1846FD-5793-47BD-B89D-ABFB53141272} = {D564603F-8CDE-4D4C-9683-67FA9DCE7F12}
		{FFBDEDF1-17E2-4F72-AE03-C99B44D8BFCA} = {0317DF35-F5C5-4986-BA37-40C28554268F}
		{D22763DC-33FD-453E-AF00-A2028689F978} = {34B1D3CA-BBB6-449E-82A7-DF2BDBC9838F}
		{34B1D3CA-BBB6-449E-82A7-DF2BDBC9838F} = {0317DF35-F5C5-4986-BA37-40C28554268F}
		{4E1DFC30-7F22-45E3-B168-5793375E67AB} = {FFBDEDF1-17E2-4F72-AE03-C99B44D8BFCA}
		{DA99DD33-D0C9-4C2E-B223-9F5D866E5E66} = {34B1D3CA-BBB6-449E-82A7-DF2BDBC9838F}
		{1AA6D623-A0B0-4826-98FA-6410794C9B03} = {0317DF35-F5C5-4986-BA37-40C28554268F}
		{0BF9D722-6B3B-430F-B470-B3097E233292} = {1AA6D623-A0B0-4826-98FA-6410794C9B03}
		{C7AF201D-1619-47D4-80B3-191431CB2DE7} = {0BF9D722-6B3B-430F-B470-B3097E233292}
		{BBB4B70D-12CD-42BE-9A5A-DAD6B64AD83E} = {0BF9D722-6B3B-430F-B470-B3097E233292}
		{B117E530-F25E-42B2-B6E9-A9D93264D9B2} = {0317DF35-F5C5-4986-BA37-40C28554268F}
		{3C835B50-B48A-4024-AD7C-B4AADD1D5EE6} = {B117E530-F25E-42B2-B6E9-A9D93264D9B2}
		{FEDC73CE-9046-4D13-B2BC-F957AC77C622} = {34B1D3CA-BBB6-449E-82A7-DF2BDBC9838F}
		{A04F3412-4263-43A0-97E3-EDD8C2ABC19C} = {FFBDEDF1-17E2-4F72-AE03-C99B44D8BFCA}
		{67D143D4-4717-42E5-9D0D-896FADB6CA88} = {34B1D3CA-BBB6-449E-82A7-DF2BDBC9838F}
		{9C9CB704-3F80-4C17-9EF6-1DD17B9DA31C} = {34B1D3CA-BBB6-449E-82A7-DF2BDBC9838F}
		{EF8659B8-90DA-46EC-8D8E-56A39C46903B} = {00F4476A-2015-48D2-B017-0301EE107B33}
		{352D4517-92D1-411E-844A-38F3B80F0B7B} = {00F4476A-2015-48D2-B017-0301EE107B33}
		{00F4476A-2015-48D2-B017-0301EE107B33} = {0D426247-855B-49F6-A8A4-00E075831030}
		{2CAAF11D-5356-4E54-83E0-A505F07C2260} = {EF8659B8-90DA-46EC-8D8E-56A39C46903B}
		{B2775FAF-7387-41B5-BD3C-75806973FC99} = {352D4517-92D1-411E-844A-38F3B80F0B7B}
		{C8B3FBAE-8A77-43AE-A203-7F173FA21074} = {0317DF35-F5C5-4986-BA37-40C28554268F}
		{A244B883-41AE-49CE-A8B8-C2758E14C31E} = {C8B3FBAE-8A77-43AE-A203-7F173FA21074}
		{9A27B62F-D244-4F0B-8BF7-80ECE4DD9236} = {C8B3FBAE-8A77-43AE-A203-7F173FA21074}
		{236C54DF-FE2F-49FC-BF8D-1FE58893DCEB} = {34B1D3CA-BBB6-449E-82A7-DF2BDBC9838F}
	EndGlobalSection
	GlobalSection(ExtensibilityGlobals) = postSolution
		SolutionGuid = {ED3E6669-AEC5-4A3B-9E57-2A81DE87BAAF}
	EndGlobalSection
EndGlobal
